// !$*UTF8*$!
{
	archiveVersion = 1;
	classes = {
	};
	objectVersion = 56;
	objects = {

/* Begin PBXBuildFile section */
		E62B79FE29C5AF54003DADE9 /* AppDelegate.swift in Sources */ = {isa = PBXBuildFile; fileRef = E62B79FD29C5AF54003DADE9 /* AppDelegate.swift */; };
		E62B7A0029C5AF54003DADE9 /* ViewController.swift in Sources */ = {isa = PBXBuildFile; fileRef = E62B79FF29C5AF54003DADE9 /* ViewController.swift */; };
		E62B7A0229C5AF57003DADE9 /* Assets.xcassets in Resources */ = {isa = PBXBuildFile; fileRef = E62B7A0129C5AF57003DADE9 /* Assets.xcassets */; };
		E62B7A0529C5AF57003DADE9 /* Main.storyboard in Resources */ = {isa = PBXBuildFile; fileRef = E62B7A0329C5AF57003DADE9 /* Main.storyboard */; };
		E62B7A1029C5B5BE003DADE9 /* ContributorUI in Frameworks */ = {isa = PBXBuildFile; productRef = E62B7A0F29C5B5BE003DADE9 /* ContributorUI */; };
/* End PBXBuildFile section */

/* Begin PBXFileReference section */
		E62B79FA29C5AF54003DADE9 /* Demo-AppKit.app */ = {isa = PBXFileReference; explicitFileType = wrapper.application; includeInIndex = 0; path = "Demo-AppKit.app"; sourceTree = BUILT_PRODUCTS_DIR; };
		E62B79FD29C5AF54003DADE9 /* AppDelegate.swift */ = {isa = PBXFileReference; lastKnownFileType = sourcecode.swift; path = AppDelegate.swift; sourceTree = "<group>"; };
		E62B79FF29C5AF54003DADE9 /* ViewController.swift */ = {isa = PBXFileReference; lastKnownFileType = sourcecode.swift; path = ViewController.swift; sourceTree = "<group>"; };
		E62B7A0129C5AF57003DADE9 /* Assets.xcassets */ = {isa = PBXFileReference; lastKnownFileType = folder.assetcatalog; path = Assets.xcassets; sourceTree = "<group>"; };
		E62B7A0429C5AF57003DADE9 /* Base */ = {isa = PBXFileReference; lastKnownFileType = file.storyboard; name = Base; path = Base.lproj/Main.storyboard; sourceTree = "<group>"; };
		E62B7A0629C5AF57003DADE9 /* Demo_AppKit.entitlements */ = {isa = PBXFileReference; lastKnownFileType = text.plist.entitlements; path = Demo_AppKit.entitlements; sourceTree = "<group>"; };
		E62B7A0D29C5AF8A003DADE9 /* ContributorUI */ = {isa = PBXFileReference; lastKnownFileType = wrapper; name = ContributorUI; path = ../..; sourceTree = "<group>"; };
/* End PBXFileReference section */

/* Begin PBXFrameworksBuildPhase section */
		E62B79F729C5AF54003DADE9 /* Frameworks */ = {
			isa = PBXFrameworksBuildPhase;
			buildActionMask = 2147483647;
			files = (
				E62B7A1029C5B5BE003DADE9 /* ContributorUI in Frameworks */,
			);
			runOnlyForDeploymentPostprocessing = 0;
		};
/* End PBXFrameworksBuildPhase section */

/* Begin PBXGroup section */
		E62B79F129C5AF54003DADE9 = {
			isa = PBXGroup;
			children = (
				E62B7A0C29C5AF8A003DADE9 /* Packages */,
				E62B79FC29C5AF54003DADE9 /* Demo-AppKit */,
				E62B79FB29C5AF54003DADE9 /* Products */,
				E62B7A0E29C5B5BE003DADE9 /* Frameworks */,
			);
			sourceTree = "<group>";
		};
		E62B79FB29C5AF54003DADE9 /* Products */ = {
			isa = PBXGroup;
			children = (
				E62B79FA29C5AF54003DADE9 /* Demo-AppKit.app */,
			);
			name = Products;
			sourceTree = "<group>";
		};
		E62B79FC29C5AF54003DADE9 /* Demo-AppKit */ = {
			isa = PBXGroup;
			children = (
				E62B79FD29C5AF54003DADE9 /* AppDelegate.swift */,
				E62B79FF29C5AF54003DADE9 /* ViewController.swift */,
				E62B7A0129C5AF57003DADE9 /* Assets.xcassets */,
				E62B7A0329C5AF57003DADE9 /* Main.storyboard */,
				E62B7A0629C5AF57003DADE9 /* Demo_AppKit.entitlements */,
			);
			path = "Demo-AppKit";
			sourceTree = "<group>";
		};
		E62B7A0C29C5AF8A003DADE9 /* Packages */ = {
			isa = PBXGroup;
			children = (
				E62B7A0D29C5AF8A003DADE9 /* ContributorUI */,
			);
			name = Packages;
			sourceTree = "<group>";
		};
		E62B7A0E29C5B5BE003DADE9 /* Frameworks */ = {
			isa = PBXGroup;
			children = (
			);
			name = Frameworks;
			sourceTree = "<group>";
		};
/* End PBXGroup section */

/* Begin PBXNativeTarget section */
		E62B79F929C5AF54003DADE9 /* Demo-AppKit */ = {
			isa = PBXNativeTarget;
			buildConfigurationList = E62B7A0929C5AF57003DADE9 /* Build configuration list for PBXNativeTarget "Demo-AppKit" */;
			buildPhases = (
				E62B79F629C5AF54003DADE9 /* Sources */,
				E62B79F729C5AF54003DADE9 /* Frameworks */,
				E62B79F829C5AF54003DADE9 /* Resources */,
			);
			buildRules = (
			);
			dependencies = (
			);
			name = "Demo-AppKit";
			packageProductDependencies = (
				E62B7A0F29C5B5BE003DADE9 /* ContributorUI */,
			);
			productName = "Demo-AppKit";
			productReference = E62B79FA29C5AF54003DADE9 /* Demo-AppKit.app */;
			productType = "com.apple.product-type.application";
		};
/* End PBXNativeTarget section */

/* Begin PBXProject section */
		E62B79F229C5AF54003DADE9 /* Project object */ = {
			isa = PBXProject;
			attributes = {
				BuildIndependentTargetsInParallel = 1;
				LastSwiftUpdateCheck = 1420;
				LastUpgradeCheck = 1420;
				TargetAttributes = {
					E62B79F929C5AF54003DADE9 = {
						CreatedOnToolsVersion = 14.2;
					};
				};
			};
			buildConfigurationList = E62B79F529C5AF54003DADE9 /* Build configuration list for PBXProject "Demo-AppKit" */;
			compatibilityVersion = "Xcode 14.0";
			developmentRegion = en;
			hasScannedForEncodings = 0;
			knownRegions = (
				en,
				Base,
			);
			mainGroup = E62B79F129C5AF54003DADE9;
			productRefGroup = E62B79FB29C5AF54003DADE9 /* Products */;
			projectDirPath = "";
			projectRoot = "";
			targets = (
				E62B79F929C5AF54003DADE9 /* Demo-AppKit */,
			);
		};
/* End PBXProject section */

/* Begin PBXResourcesBuildPhase section */
		E62B79F829C5AF54003DADE9 /* Resources */ = {
			isa = PBXResourcesBuildPhase;
			buildActionMask = 2147483647;
			files = (
				E62B7A0229C5AF57003DADE9 /* Assets.xcassets in Resources */,
				E62B7A0529C5AF57003DADE9 /* Main.storyboard in Resources */,
			);
			runOnlyForDeploymentPostprocessing = 0;
		};
/* End PBXResourcesBuildPhase section */

/* Begin PBXSourcesBuildPhase section */
		E62B79F629C5AF54003DADE9 /* Sources */ = {
			isa = PBXSourcesBuildPhase;
			buildActionMask = 2147483647;
			files = (
				E62B7A0029C5AF54003DADE9 /* ViewController.swift in Sources */,
				E62B79FE29C5AF54003DADE9 /* AppDelegate.swift in Sources */,
			);
			runOnlyForDeploymentPostprocessing = 0;
		};
/* End PBXSourcesBuildPhase section */

/* Begin PBXVariantGroup section */
		E62B7A0329C5AF57003DADE9 /* Main.storyboard */ = {
			isa = PBXVariantGroup;
			children = (
				E62B7A0429C5AF57003DADE9 /* Base */,
			);
			name = Main.storyboard;
			sourceTree = "<group>";
		};
/* End PBXVariantGroup section */

/* Begin XCBuildConfiguration section */
		E62B7A0729C5AF57003DADE9 /* Debug */ = {
			isa = XCBuildConfiguration;
			buildSettings = {
				ALWAYS_SEARCH_USER_PATHS = NO;
				CLANG_ANALYZER_NONNULL = YES;
				CLANG_ANALYZER_NUMBER_OBJECT_CONVERSION = YES_AGGRESSIVE;
				CLANG_CXX_LANGUAGE_STANDARD = "gnu++20";
				CLANG_ENABLE_MODULES = YES;
				CLANG_ENABLE_OBJC_ARC = YES;
				CLANG_ENABLE_OBJC_WEAK = YES;
				CLANG_WARN_BLOCK_CAPTURE_AUTORELEASING = YES;
				CLANG_WARN_BOOL_CONVERSION = YES;
				CLANG_WARN_COMMA = YES;
				CLANG_WARN_CONSTANT_CONVERSION = YES;
				CLANG_WARN_DEPRECATED_OBJC_IMPLEMENTATIONS = YES;
				CLANG_WARN_DIRECT_OBJC_ISA_USAGE = YES_ERROR;
				CLANG_WARN_DOCUMENTATION_COMMENTS = YES;
				CLANG_WARN_EMPTY_BODY = YES;
				CLANG_WARN_ENUM_CONVERSION = YES;
				CLANG_WARN_INFINITE_RECURSION = YES;
				CLANG_WARN_INT_CONVERSION = YES;
				CLANG_WARN_NON_LITERAL_NULL_CONVERSION = YES;
				CLANG_WARN_OBJC_IMPLICIT_RETAIN_SELF = YES;
				CLANG_WARN_OBJC_LITERAL_CONVERSION = YES;
				CLANG_WARN_OBJC_ROOT_CLASS = YES_ERROR;
				CLANG_WARN_QUOTED_INCLUDE_IN_FRAMEWORK_HEADER = YES;
				CLANG_WARN_RANGE_LOOP_ANALYSIS = YES;
				CLANG_WARN_STRICT_PROTOTYPES = YES;
				CLANG_WARN_SUSPICIOUS_MOVE = YES;
				CLANG_WARN_UNGUARDED_AVAILABILITY = YES_AGGRESSIVE;
				CLANG_WARN_UNREACHABLE_CODE = YES;
				CLANG_WARN__DUPLICATE_METHOD_MATCH = YES;
				COPY_PHASE_STRIP = NO;
				DEBUG_INFORMATION_FORMAT = dwarf;
				ENABLE_STRICT_OBJC_MSGSEND = YES;
				ENABLE_TESTABILITY = YES;
				GCC_C_LANGUAGE_STANDARD = gnu11;
				GCC_DYNAMIC_NO_PIC = NO;
				GCC_NO_COMMON_BLOCKS = YES;
				GCC_OPTIMIZATION_LEVEL = 0;
				GCC_PREPROCESSOR_DEFINITIONS = (
					"DEBUG=1",
					"$(inherited)",
				);
				GCC_WARN_64_TO_32_BIT_CONVERSION = YES;
				GCC_WARN_ABOUT_RETURN_TYPE = YES_ERROR;
				GCC_WARN_UNDECLARED_SELECTOR = YES;
				GCC_WARN_UNINITIALIZED_AUTOS = YES_AGGRESSIVE;
				GCC_WARN_UNUSED_FUNCTION = YES;
				GCC_WARN_UNUSED_VARIABLE = YES;
				MACOSX_DEPLOYMENT_TARGET = 13.0;
				MTL_ENABLE_DEBUG_INFO = INCLUDE_SOURCE;
				MTL_FAST_MATH = YES;
				ONLY_ACTIVE_ARCH = YES;
				SDKROOT = macosx;
				SWIFT_ACTIVE_COMPILATION_CONDITIONS = DEBUG;
				SWIFT_OPTIMIZATION_LEVEL = "-Onone";
			};
			name = Debug;
		};
		E62B7A0829C5AF57003DADE9 /* Release */ = {
			isa = XCBuildConfiguration;
			buildSettings = {
				ALWAYS_SEARCH_USER_PATHS = NO;
				CLANG_ANALYZER_NONNULL = YES;
				CLANG_ANALYZER_NUMBER_OBJECT_CONVERSION = YES_AGGRESSIVE;
				CLANG_CXX_LANGUAGE_STANDARD = "gnu++20";
				CLANG_ENABLE_MODULES = YES;
				CLANG_ENABLE_OBJC_ARC = YES;
				CLANG_ENABLE_OBJC_WEAK = YES;
				CLANG_WARN_BLOCK_CAPTURE_AUTORELEASING = YES;
				CLANG_WARN_BOOL_CONVERSION = YES;
				CLANG_WARN_COMMA = YES;
				CLANG_WARN_CONSTANT_CONVERSION = YES;
				CLANG_WARN_DEPRECATED_OBJC_IMPLEMENTATIONS = YES;
				CLANG_WARN_DIRECT_OBJC_ISA_USAGE = YES_ERROR;
				CLANG_WARN_DOCUMENTATION_COMMENTS = YES;
				CLANG_WARN_EMPTY_BODY = YES;
				CLANG_WARN_ENUM_CONVERSION = YES;
				CLANG_WARN_INFINITE_RECURSION = YES;
				CLANG_WARN_INT_CONVERSION = YES;
				CLANG_WARN_NON_LITERAL_NULL_CONVERSION = YES;
				CLANG_WARN_OBJC_IMPLICIT_RETAIN_SELF = YES;
				CLANG_WARN_OBJC_LITERAL_CONVERSION = YES;
				CLANG_WARN_OBJC_ROOT_CLASS = YES_ERROR;
				CLANG_WARN_QUOTED_INCLUDE_IN_FRAMEWORK_HEADER = YES;
				CLANG_WARN_RANGE_LOOP_ANALYSIS = YES;
				CLANG_WARN_STRICT_PROTOTYPES = YES;
				CLANG_WARN_SUSPICIOUS_MOVE = YES;
				CLANG_WARN_UNGUARDED_AVAILABILITY = YES_AGGRESSIVE;
				CLANG_WARN_UNREACHABLE_CODE = YES;
				CLANG_WARN__DUPLICATE_METHOD_MATCH = YES;
				COPY_PHASE_STRIP = NO;
				DEBUG_INFORMATION_FORMAT = "dwarf-with-dsym";
				ENABLE_NS_ASSERTIONS = NO;
				ENABLE_STRICT_OBJC_MSGSEND = YES;
				GCC_C_LANGUAGE_STANDARD = gnu11;
				GCC_NO_COMMON_BLOCKS = YES;
				GCC_WARN_64_TO_32_BIT_CONVERSION = YES;
				GCC_WARN_ABOUT_RETURN_TYPE = YES_ERROR;
				GCC_WARN_UNDECLARED_SELECTOR = YES;
				GCC_WARN_UNINITIALIZED_AUTOS = YES_AGGRESSIVE;
				GCC_WARN_UNUSED_FUNCTION = YES;
				GCC_WARN_UNUSED_VARIABLE = YES;
				MACOSX_DEPLOYMENT_TARGET = 13.0;
				MTL_ENABLE_DEBUG_INFO = NO;
				MTL_FAST_MATH = YES;
				SDKROOT = macosx;
				SWIFT_COMPILATION_MODE = wholemodule;
				SWIFT_OPTIMIZATION_LEVEL = "-O";
			};
			name = Release;
		};
		E62B7A0A29C5AF57003DADE9 /* Debug */ = {
			isa = XCBuildConfiguration;
			buildSettings = {
				ASSETCATALOG_COMPILER_APPICON_NAME = AppIcon;
				ASSETCATALOG_COMPILER_GLOBAL_ACCENT_COLOR_NAME = AccentColor;
				CODE_SIGN_ENTITLEMENTS = "Demo-AppKit/Demo_AppKit.entitlements";
				CODE_SIGN_STYLE = Automatic;
				COMBINE_HIDPI_IMAGES = YES;
				CURRENT_PROJECT_VERSION = 1;
				GENERATE_INFOPLIST_FILE = YES;
				INFOPLIST_KEY_NSHumanReadableCopyright = "";
				INFOPLIST_KEY_NSMainStoryboardFile = Main;
				INFOPLIST_KEY_NSPrincipalClass = NSApplication;
				LD_RUNPATH_SEARCH_PATHS = (
					"$(inherited)",
					"@executable_path/../Frameworks",
				);
				MARKETING_VERSION = 1.0;
				PRODUCT_BUNDLE_IDENTIFIER = "com.example.ContributorUI.Demo-AppKit";
				PRODUCT_NAME = "$(TARGET_NAME)";
				SWIFT_EMIT_LOC_STRINGS = YES;
				SWIFT_VERSION = 5.0;
			};
			name = Debug;
		};
		E62B7A0B29C5AF57003DADE9 /* Release */ = {
			isa = XCBuildConfiguration;
			buildSettings = {
				ASSETCATALOG_COMPILER_APPICON_NAME = AppIcon;
				ASSETCATALOG_COMPILER_GLOBAL_ACCENT_COLOR_NAME = AccentColor;
				CODE_SIGN_ENTITLEMENTS = "Demo-AppKit/Demo_AppKit.entitlements";
				CODE_SIGN_STYLE = Automatic;
				COMBINE_HIDPI_IMAGES = YES;
				CURRENT_PROJECT_VERSION = 1;
				GENERATE_INFOPLIST_FILE = YES;
				INFOPLIST_KEY_NSHumanReadableCopyright = "";
				INFOPLIST_KEY_NSMainStoryboardFile = Main;
				INFOPLIST_KEY_NSPrincipalClass = NSApplication;
				LD_RUNPATH_SEARCH_PATHS = (
					"$(inherited)",
					"@executable_path/../Frameworks",
				);
				MARKETING_VERSION = 1.0;
				PRODUCT_BUNDLE_IDENTIFIER = "com.example.ContributorUI.Demo-AppKit";
				PRODUCT_NAME = "$(TARGET_NAME)";
				SWIFT_EMIT_LOC_STRINGS = YES;
				SWIFT_VERSION = 5.0;
			};
			name = Release;
		};
/* End XCBuildConfiguration section */

/* Begin XCConfigurationList section */
		E62B79F529C5AF54003DADE9 /* Build configuration list for PBXProject "Demo-AppKit" */ = {
			isa = XCConfigurationList;
			buildConfigurations = (
				E62B7A0729C5AF57003DADE9 /* Debug */,
				E62B7A0829C5AF57003DADE9 /* Release */,
			);
			defaultConfigurationIsVisible = 0;
			defaultConfigurationName = Release;
		};
		E62B7A0929C5AF57003DADE9 /* Build configuration list for PBXNativeTarget "Demo-AppKit" */ = {
			isa = XCConfigurationList;
			buildConfigurations = (
				E62B7A0A29C5AF57003DADE9 /* Debug */,
				E62B7A0B29C5AF57003DADE9 /* Release */,
			);
			defaultConfigurationIsVisible = 0;
			defaultConfigurationName = Release;
		};
/* End XCConfigurationList section */

/* Begin XCSwiftPackageProductDependency section */
		E62B7A0F29C5B5BE003DADE9 /* ContributorUI */ = {
			isa = XCSwiftPackageProductDependency;
			productName = ContributorUI;
		};
/* End XCSwiftPackageProductDependency section */
	};
	rootObject = E62B79F229C5AF54003DADE9 /* Project object */;
}
